
Microsoft Visual Studio Solution File, Format Version 12.00
# Visual Studio 15
VisualStudioVersion = 15.0.27004.2009
MinimumVisualStudioVersion = 10.0.40219.1
Project("{FAE04EC0-301F-11D3-BF4B-00C04F79EFBC}") = "Common", "Common\Common.csproj", "{86D6526F-E32B-44B2-89C4-4C79EF8BA82D}"
EndProject
Project("{FAE04EC0-301F-11D3-BF4B-00C04F79EFBC}") = "Software", "Software\Software.csproj", "{B585AADC-C4AF-42B8-9C96-4130A18698FB}"
EndProject
Project("{FAE04EC0-301F-11D3-BF4B-00C04F79EFBC}") = "WindowWait", "WindowWait\WindowWait.csproj", "{52ED9CDE-6B0B-416F-8C5E-437E8665B884}"
EndProject
Project("{FAE04EC0-301F-11D3-BF4B-00C04F79EFBC}") = "Database", "Database\Database.csproj", "{88DB37FC-EC27-4955-952F-47D626D8EA7A}"
EndProject
Project("{FAE04EC0-301F-11D3-BF4B-00C04F79EFBC}") = "WindowHostOrHostess", "WindowHostOrHostess\WindowHostOrHostess.csproj", "{684DC15F-382A-4E29-B1A6-E6DBC42F3F13}"
EndProject
Project("{FAE04EC0-301F-11D3-BF4B-00C04F79EFBC}") = "WindowMission", "WindowMission\WindowMission.csproj", "{15242C18-CC2B-4AA8-A0BA-DC018CB51C34}"
EndProject
Project("{FAE04EC0-301F-11D3-BF4B-00C04F79EFBC}") = "WindowClient", "Clients\WindowClient.csproj", "{8A8CEEB9-D6E0-436B-9895-3A5F1B42E20B}"
EndProject
Project("{FAE04EC0-301F-11D3-BF4B-00C04F79EFBC}") = "Launcher", "Launcher\Launcher.csproj", "{0C86C5A0-A50D-4B04-A864-CD214D8B28F0}"
EndProject
Global
	GlobalSection(SolutionConfigurationPlatforms) = preSolution
		Debug|Any CPU = Debug|Any CPU
		Debug|ARM = Debug|ARM
		Debug|x64 = Debug|x64
		Debug|x86 = Debug|x86
		Release|Any CPU = Release|Any CPU
		Release|ARM = Release|ARM
		Release|x64 = Release|x64
		Release|x86 = Release|x86
	EndGlobalSection
	GlobalSection(ProjectConfigurationPlatforms) = postSolution
		{86D6526F-E32B-44B2-89C4-4C79EF8BA82D}.Debug|Any CPU.ActiveCfg = Debug|Any CPU
		{86D6526F-E32B-44B2-89C4-4C79EF8BA82D}.Debug|Any CPU.Build.0 = Debug|Any CPU
		{86D6526F-E32B-44B2-89C4-4C79EF8BA82D}.Debug|ARM.ActiveCfg = Debug|Any CPU
		{86D6526F-E32B-44B2-89C4-4C79EF8BA82D}.Debug|ARM.Build.0 = Debug|Any CPU
		{86D6526F-E32B-44B2-89C4-4C79EF8BA82D}.Debug|x64.ActiveCfg = Debug|Any CPU
		{86D6526F-E32B-44B2-89C4-4C79EF8BA82D}.Debug|x64.Build.0 = Debug|Any CPU
		{86D6526F-E32B-44B2-89C4-4C79EF8BA82D}.Debug|x86.ActiveCfg = Debug|Any CPU
		{86D6526F-E32B-44B2-89C4-4C79EF8BA82D}.Debug|x86.Build.0 = Debug|Any CPU
		{86D6526F-E32B-44B2-89C4-4C79EF8BA82D}.Release|Any CPU.ActiveCfg = Release|Any CPU
		{86D6526F-E32B-44B2-89C4-4C79EF8BA82D}.Release|Any CPU.Build.0 = Release|Any CPU
		{86D6526F-E32B-44B2-89C4-4C79EF8BA82D}.Release|ARM.ActiveCfg = Release|Any CPU
		{86D6526F-E32B-44B2-89C4-4C79EF8BA82D}.Release|ARM.Build.0 = Release|Any CPU
		{86D6526F-E32B-44B2-89C4-4C79EF8BA82D}.Release|x64.ActiveCfg = Release|Any CPU
		{86D6526F-E32B-44B2-89C4-4C79EF8BA82D}.Release|x64.Build.0 = Release|Any CPU
		{86D6526F-E32B-44B2-89C4-4C79EF8BA82D}.Release|x86.ActiveCfg = Release|Any CPU
		{86D6526F-E32B-44B2-89C4-4C79EF8BA82D}.Release|x86.Build.0 = Release|Any CPU
		{B585AADC-C4AF-42B8-9C96-4130A18698FB}.Debug|Any CPU.ActiveCfg = Debug|Any CPU
		{B585AADC-C4AF-42B8-9C96-4130A18698FB}.Debug|Any CPU.Build.0 = Debug|Any CPU
		{B585AADC-C4AF-42B8-9C96-4130A18698FB}.Debug|ARM.ActiveCfg = Debug|Any CPU
		{B585AADC-C4AF-42B8-9C96-4130A18698FB}.Debug|ARM.Build.0 = Debug|Any CPU
		{B585AADC-C4AF-42B8-9C96-4130A18698FB}.Debug|x64.ActiveCfg = Debug|Any CPU
		{B585AADC-C4AF-42B8-9C96-4130A18698FB}.Debug|x64.Build.0 = Debug|Any CPU
		{B585AADC-C4AF-42B8-9C96-4130A18698FB}.Debug|x86.ActiveCfg = Debug|Any CPU
		{B585AADC-C4AF-42B8-9C96-4130A18698FB}.Debug|x86.Build.0 = Debug|Any CPU
		{B585AADC-C4AF-42B8-9C96-4130A18698FB}.Release|Any CPU.ActiveCfg = Release|Any CPU
		{B585AADC-C4AF-42B8-9C96-4130A18698FB}.Release|Any CPU.Build.0 = Release|Any CPU
		{B585AADC-C4AF-42B8-9C96-4130A18698FB}.Release|ARM.ActiveCfg = Release|Any CPU
		{B585AADC-C4AF-42B8-9C96-4130A18698FB}.Release|ARM.Build.0 = Release|Any CPU
		{B585AADC-C4AF-42B8-9C96-4130A18698FB}.Release|x64.ActiveCfg = Release|Any CPU
		{B585AADC-C4AF-42B8-9C96-4130A18698FB}.Release|x64.Build.0 = Release|Any CPU
		{B585AADC-C4AF-42B8-9C96-4130A18698FB}.Release|x86.ActiveCfg = Release|Any CPU
		{B585AADC-C4AF-42B8-9C96-4130A18698FB}.Release|x86.Build.0 = Release|Any CPU
		{52ED9CDE-6B0B-416F-8C5E-437E8665B884}.Debug|Any CPU.ActiveCfg = Debug|Any CPU
		{52ED9CDE-6B0B-416F-8C5E-437E8665B884}.Debug|Any CPU.Build.0 = Debug|Any CPU
		{52ED9CDE-6B0B-416F-8C5E-437E8665B884}.Debug|ARM.ActiveCfg = Debug|Any CPU
		{52ED9CDE-6B0B-416F-8C5E-437E8665B884}.Debug|ARM.Build.0 = Debug|Any CPU
		{52ED9CDE-6B0B-416F-8C5E-437E8665B884}.Debug|x64.ActiveCfg = Debug|Any CPU
		{52ED9CDE-6B0B-416F-8C5E-437E8665B884}.Debug|x64.Build.0 = Debug|Any CPU
		{52ED9CDE-6B0B-416F-8C5E-437E8665B884}.Debug|x86.ActiveCfg = Debug|Any CPU
		{52ED9CDE-6B0B-416F-8C5E-437E8665B884}.Debug|x86.Build.0 = Debug|Any CPU
		{52ED9CDE-6B0B-416F-8C5E-437E8665B884}.Release|Any CPU.ActiveCfg = Release|Any CPU
		{52ED9CDE-6B0B-416F-8C5E-437E8665B884}.Release|Any CPU.Build.0 = Release|Any CPU
		{52ED9CDE-6B0B-416F-8C5E-437E8665B884}.Release|ARM.ActiveCfg = Release|Any CPU
		{52ED9CDE-6B0B-416F-8C5E-437E8665B884}.Release|ARM.Build.0 = Release|Any CPU
		{52ED9CDE-6B0B-416F-8C5E-437E8665B884}.Release|x64.ActiveCfg = Release|Any CPU
		{52ED9CDE-6B0B-416F-8C5E-437E8665B884}.Release|x64.Build.0 = Release|Any CPU
		{52ED9CDE-6B0B-416F-8C5E-437E8665B884}.Release|x86.ActiveCfg = Release|Any CPU
		{52ED9CDE-6B0B-416F-8C5E-437E8665B884}.Release|x86.Build.0 = Release|Any CPU
		{88DB37FC-EC27-4955-952F-47D626D8EA7A}.Debug|Any CPU.ActiveCfg = Debug|Any CPU
		{88DB37FC-EC27-4955-952F-47D626D8EA7A}.Debug|Any CPU.Build.0 = Debug|Any CPU
		{88DB37FC-EC27-4955-952F-47D626D8EA7A}.Debug|ARM.ActiveCfg = Debug|Any CPU
		{88DB37FC-EC27-4955-952F-47D626D8EA7A}.Debug|ARM.Build.0 = Debug|Any CPU
		{88DB37FC-EC27-4955-952F-47D626D8EA7A}.Debug|x64.ActiveCfg = Debug|Any CPU
		{88DB37FC-EC27-4955-952F-47D626D8EA7A}.Debug|x64.Build.0 = Debug|Any CPU
		{88DB37FC-EC27-4955-952F-47D626D8EA7A}.Debug|x86.ActiveCfg = Debug|Any CPU
		{88DB37FC-EC27-4955-952F-47D626D8EA7A}.Debug|x86.Build.0 = Debug|Any CPU
		{88DB37FC-EC27-4955-952F-47D626D8EA7A}.Release|Any CPU.ActiveCfg = Release|Any CPU
		{88DB37FC-EC27-4955-952F-47D626D8EA7A}.Release|Any CPU.Build.0 = Release|Any CPU
		{88DB37FC-EC27-4955-952F-47D626D8EA7A}.Release|ARM.ActiveCfg = Release|Any CPU
		{88DB37FC-EC27-4955-952F-47D626D8EA7A}.Release|ARM.Build.0 = Release|Any CPU
		{88DB37FC-EC27-4955-952F-47D626D8EA7A}.Release|x64.ActiveCfg = Release|Any CPU
		{88DB37FC-EC27-4955-952F-47D626D8EA7A}.Release|x64.Build.0 = Release|Any CPU
		{88DB37FC-EC27-4955-952F-47D626D8EA7A}.Release|x86.ActiveCfg = Release|Any CPU
		{88DB37FC-EC27-4955-952F-47D626D8EA7A}.Release|x86.Build.0 = Release|Any CPU
		{684DC15F-382A-4E29-B1A6-E6DBC42F3F13}.Debug|Any CPU.ActiveCfg = Debug|Any CPU
		{684DC15F-382A-4E29-B1A6-E6DBC42F3F13}.Debug|Any CPU.Build.0 = Debug|Any CPU
		{684DC15F-382A-4E29-B1A6-E6DBC42F3F13}.Debug|ARM.ActiveCfg = Debug|Any CPU
		{684DC15F-382A-4E29-B1A6-E6DBC42F3F13}.Debug|ARM.Build.0 = Debug|Any CPU
		{684DC15F-382A-4E29-B1A6-E6DBC42F3F13}.Debug|x64.ActiveCfg = Debug|Any CPU
		{684DC15F-382A-4E29-B1A6-E6DBC42F3F13}.Debug|x64.Build.0 = Debug|Any CPU
		{684DC15F-382A-4E29-B1A6-E6DBC42F3F13}.Debug|x86.ActiveCfg = Debug|Any CPU
		{684DC15F-382A-4E29-B1A6-E6DBC42F3F13}.Debug|x86.Build.0 = Debug|Any CPU
		{684DC15F-382A-4E29-B1A6-E6DBC42F3F13}.Release|Any CPU.ActiveCfg = Release|Any CPU
		{684DC15F-382A-4E29-B1A6-E6DBC42F3F13}.Release|Any CPU.Build.0 = Release|Any CPU
		{684DC15F-382A-4E29-B1A6-E6DBC42F3F13}.Release|ARM.ActiveCfg = Release|Any CPU
		{684DC15F-382A-4E29-B1A6-E6DBC42F3F13}.Release|ARM.Build.0 = Release|Any CPU
		{684DC15F-382A-4E29-B1A6-E6DBC42F3F13}.Release|x64.ActiveCfg = Release|Any CPU
		{684DC15F-382A-4E29-B1A6-E6DBC42F3F13}.Release|x64.Build.0 = Release|Any CPU
		{684DC15F-382A-4E29-B1A6-E6DBC42F3F13}.Release|x86.ActiveCfg = Release|Any CPU
		{684DC15F-382A-4E29-B1A6-E6DBC42F3F13}.Release|x86.Build.0 = Release|Any CPU
		{15242C18-CC2B-4AA8-A0BA-DC018CB51C34}.Debug|Any CPU.ActiveCfg = Debug|Any CPU
		{15242C18-CC2B-4AA8-A0BA-DC018CB51C34}.Debug|Any CPU.Build.0 = Debug|Any CPU
		{15242C18-CC2B-4AA8-A0BA-DC018CB51C34}.Debug|ARM.ActiveCfg = Debug|Any CPU
		{15242C18-CC2B-4AA8-A0BA-DC018CB51C34}.Debug|ARM.Build.0 = Debug|Any CPU
		{15242C18-CC2B-4AA8-A0BA-DC018CB51C34}.Debug|x64.ActiveCfg = Debug|Any CPU
		{15242C18-CC2B-4AA8-A0BA-DC018CB51C34}.Debug|x64.Build.0 = Debug|Any CPU
		{15242C18-CC2B-4AA8-A0BA-DC018CB51C34}.Debug|x86.ActiveCfg = Debug|Any CPU
		{15242C18-CC2B-4AA8-A0BA-DC018CB51C34}.Debug|x86.Build.0 = Debug|Any CPU
		{15242C18-CC2B-4AA8-A0BA-DC018CB51C34}.Release|Any CPU.ActiveCfg = Release|Any CPU
		{15242C18-CC2B-4AA8-A0BA-DC018CB51C34}.Release|Any CPU.Build.0 = Release|Any CPU
		{15242C18-CC2B-4AA8-A0BA-DC018CB51C34}.Release|ARM.ActiveCfg = Release|Any CPU
		{15242C18-CC2B-4AA8-A0BA-DC018CB51C34}.Release|ARM.Build.0 = Release|Any CPU
		{15242C18-CC2B-4AA8-A0BA-DC018CB51C34}.Release|x64.ActiveCfg = Release|Any CPU
		{15242C18-CC2B-4AA8-A0BA-DC018CB51C34}.Release|x64.Build.0 = Release|Any CPU
		{15242C18-CC2B-4AA8-A0BA-DC018CB51C34}.Release|x86.ActiveCfg = Release|Any CPU
		{15242C18-CC2B-4AA8-A0BA-DC018CB51C34}.Release|x86.Build.0 = Release|Any CPU
		{8A8CEEB9-D6E0-436B-9895-3A5F1B42E20B}.Debug|Any CPU.ActiveCfg = Debug|Any CPU
		{8A8CEEB9-D6E0-436B-9895-3A5F1B42E20B}.Debug|Any CPU.Build.0 = Debug|Any CPU
		{8A8CEEB9-D6E0-436B-9895-3A5F1B42E20B}.Debug|ARM.ActiveCfg = Debug|Any CPU
		{8A8CEEB9-D6E0-436B-9895-3A5F1B42E20B}.Debug|ARM.Build.0 = Debug|Any CPU
		{8A8CEEB9-D6E0-436B-9895-3A5F1B42E20B}.Debug|x64.ActiveCfg = Debug|Any CPU
		{8A8CEEB9-D6E0-436B-9895-3A5F1B42E20B}.Debug|x64.Build.0 = Debug|Any CPU
		{8A8CEEB9-D6E0-436B-9895-3A5F1B42E20B}.Debug|x86.ActiveCfg = Debug|Any CPU
		{8A8CEEB9-D6E0-436B-9895-3A5F1B42E20B}.Debug|x86.Build.0 = Debug|Any CPU
		{8A8CEEB9-D6E0-436B-9895-3A5F1B42E20B}.Release|Any CPU.ActiveCfg = Release|Any CPU
		{8A8CEEB9-D6E0-436B-9895-3A5F1B42E20B}.Release|Any CPU.Build.0 = Release|Any CPU
		{8A8CEEB9-D6E0-436B-9895-3A5F1B42E20B}.Release|ARM.ActiveCfg = Release|Any CPU
		{8A8CEEB9-D6E0-436B-9895-3A5F1B42E20B}.Release|ARM.Build.0 = Release|Any CPU
		{8A8CEEB9-D6E0-436B-9895-3A5F1B42E20B}.Release|x64.ActiveCfg = Release|Any CPU
		{8A8CEEB9-D6E0-436B-9895-3A5F1B42E20B}.Release|x64.Build.0 = Release|Any CPU
		{8A8CEEB9-D6E0-436B-9895-3A5F1B42E20B}.Release|x86.ActiveCfg = Release|Any CPU
		{8A8CEEB9-D6E0-436B-9895-3A5F1B42E20B}.Release|x86.Build.0 = Release|Any CPU
		{0C86C5A0-A50D-4B04-A864-CD214D8B28F0}.Debug|Any CPU.ActiveCfg = Debug|Any CPU
		{0C86C5A0-A50D-4B04-A864-CD214D8B28F0}.Debug|Any CPU.Build.0 = Debug|Any CPU
		{0C86C5A0-A50D-4B04-A864-CD214D8B28F0}.Debug|ARM.ActiveCfg = Debug|Any CPU
		{0C86C5A0-A50D-4B04-A864-CD214D8B28F0}.Debug|ARM.Build.0 = Debug|Any CPU
		{0C86C5A0-A50D-4B04-A864-CD214D8B28F0}.Debug|x64.ActiveCfg = Debug|Any CPU
		{0C86C5A0-A50D-4B04-A864-CD214D8B28F0}.Debug|x64.Build.0 = Debug|Any CPU
		{0C86C5A0-A50D-4B04-A864-CD214D8B28F0}.Debug|x86.ActiveCfg = Debug|Any CPU
		{0C86C5A0-A50D-4B04-A864-CD214D8B28F0}.Debug|x86.Build.0 = Debug|Any CPU
		{0C86C5A0-A50D-4B04-A864-CD214D8B28F0}.Release|Any CPU.ActiveCfg = Release|Any CPU
		{0C86C5A0-A50D-4B04-A864-CD214D8B28F0}.Release|Any CPU.Build.0 = Release|Any CPU
		{0C86C5A0-A50D-4B04-A864-CD214D8B28F0}.Release|ARM.ActiveCfg = Release|Any CPU
		{0C86C5A0-A50D-4B04-A864-CD214D8B28F0}.Release|ARM.Build.0 = Release|Any CPU
		{0C86C5A0-A50D-4B04-A864-CD214D8B28F0}.Release|x64.ActiveCfg = Release|Any CPU
		{0C86C5A0-A50D-4B04-A864-CD214D8B28F0}.Release|x64.Build.0 = Release|Any CPU
		{0C86C5A0-A50D-4B04-A864-CD214D8B28F0}.Release|x86.ActiveCfg = Release|Any CPU
		{0C86C5A0-A50D-4B04-A864-CD214D8B28F0}.Release|x86.Build.0 = Release|Any CPU
	EndGlobalSection
	GlobalSection(SolutionProperties) = preSolution
		HideSolutionNode = FALSE
	EndGlobalSection
	GlobalSection(ExtensibilityGlobals) = postSolution
		SolutionGuid = {B055DFF1-0901-4DBE-A7D7-72C3270BF62F}
	EndGlobalSection
EndGlobal
